
Microsoft Visual Studio Solution File, Format Version 12.00
# Visual Studio Version 16
VisualStudioVersion = 16.0.29424.173
MinimumVisualStudioVersion = 10.0.40219.1
Project("{FAE04EC0-301F-11D3-BF4B-00C04F79EFBC}") = "AuctionSale", "AuctionSale\AuctionSale.csproj", "{1AFDE428-006F-4057-8646-7B3506561FB8}"
EndProject
Global
	GlobalSection(SolutionConfigurationPlatforms) = preSolution
		Debug|Any CPU = Debug|Any CPU
		Release|Any CPU = Release|Any CPU
	EndGlobalSection
	GlobalSection(ProjectConfigurationPlatforms) = postSolution
		{1AFDE428-006F-4057-8646-7B3506561FB8}.Debug|Any CPU.ActiveCfg = Debug|Any CPU
		{1AFDE428-006F-4057-8646-7B3506561FB8}.Debug|Any CPU.Build.0 = Debug|Any CPU
		{1AFDE428-006F-4057-8646-7B3506561FB8}.Release|Any CPU.ActiveCfg = Release|Any CPU
		{1AFDE428-006F-4057-8646-7B3506561FB8}.Release|Any CPU.Build.0 = Release|Any CPU
	EndGlobalSection
	GlobalSection(SolutionProperties) = preSolution
		HideSolutionNode = FALSE
	EndGlobalSection
	GlobalSection(ExtensibilityGlobals) = postSolution
		SolutionGuid = {631A1088-EBA4-4145-974F-02D6B45202D6}
	EndGlobalSection
EndGlobal
